
Microsoft Visual Studio Solution File, Format Version 12.00
# Visual Studio Version 17
VisualStudioVersion = 17.13.35913.81 d17.13
MinimumVisualStudioVersion = 10.0.40219.1
Project("{FAE04EC0-301F-11D3-BF4B-00C04F79EFBC}") = "Quiz_Appli", "Quiz_Appli\Quiz_Appli.csproj", "{120B4848-76BE-4681-B8E8-2AF3AC67F13F}"
EndProject
Global
	GlobalSection(SolutionConfigurationPlatforms) = preSolution
		Debug|Any CPU = Debug|Any CPU
		Release|Any CPU = Release|Any CPU
	EndGlobalSection
	GlobalSection(ProjectConfigurationPlatforms) = postSolution
		{120B4848-76BE-4681-B8E8-2AF3AC67F13F}.Debug|Any CPU.ActiveCfg = Debug|Any CPU
		{120B4848-76BE-4681-B8E8-2AF3AC67F13F}.Debug|Any CPU.Build.0 = Debug|Any CPU
		{120B4848-76BE-4681-B8E8-2AF3AC67F13F}.Release|Any CPU.ActiveCfg = Release|Any CPU
		{120B4848-76BE-4681-B8E8-2AF3AC67F13F}.Release|Any CPU.Build.0 = Release|Any CPU
	EndGlobalSection
	GlobalSection(SolutionProperties) = preSolution
		HideSolutionNode = FALSE
	EndGlobalSection
	GlobalSection(ExtensibilityGlobals) = postSolution
		SolutionGuid = {C4C3297E-65B1-4C11-8ACD-FF1FB4B0B302}
	EndGlobalSection
EndGlobal
